{
  "requires": true,
  "lockfileVersion": 1,
  "dependencies": {
    "@types/echarts": {
      "version": "4.1.10",
      "resolved": "http://10.111.14.144:4873/@types%2fecharts/-/echarts-4.1.10.tgz",
      "integrity": "sha1-7nGRHrixcXx8EsC9gfyD24cvTTs=",
      "requires": {
        "@types/zrender": "*"
      }
    },
    "@types/jquery": {
      "version": "3.3.31",
      "resolved": "http://10.111.14.144:4873/@types%2fjquery/-/jquery-3.3.31.tgz",
      "integrity": "sha1-J8cG5L9IhHThy1SnHYMD83yTRRs=",
      "requires": {
        "@types/sizzle": "*"
      }
    },
    "@types/sizzle": {
      "version": "2.3.2",
      "resolved": "http://10.111.14.144:4873/@types%2fsizzle/-/sizzle-2.3.2.tgz",
      "integrity": "sha1-qBG4wY4rq6t9VCszZYh64uTZ3kc="
    },
    "@types/zrender": {
      "version": "4.0.0",
      "resolved": "http://10.111.14.144:4873/@types%2fzrender/-/zrender-4.0.0.tgz",
      "integrity": "sha1-poBvEuxOzKrr2bDYFvBJrKYYj70="
    }
  }
}
